
Microsoft Visual Studio Solution File, Format Version 12.00
# Visual Studio Version 16
VisualStudioVersion = 16.0.30413.136
MinimumVisualStudioVersion = 10.0.40219.1
Project("{9A19103F-16F7-4668-BE54-9A1E7A4F7556}") = "Curio.Core", "src\Curio.Core\Curio.Core.csproj", "{0BB0EF1E-3732-468B-8BBC-DC76540D5A2B}"
EndProject
Project("{9A19103F-16F7-4668-BE54-9A1E7A4F7556}") = "Curio.Infrastructure", "src\Curio.Infrastructure\Curio.Infrastructure.csproj", "{9D52054F-A67D-430F-963B-9410ED279AE9}"
EndProject
Project("{9A19103F-16F7-4668-BE54-9A1E7A4F7556}") = "Curio.SharedKernel", "src\Curio.SharedKernel\Curio.SharedKernel.csproj", "{4A21F665-941E-4FAD-AC1D-6E48C820F4AD}"
EndProject
Project("{9A19103F-16F7-4668-BE54-9A1E7A4F7556}") = "Curio.Web", "src\Curio.Web\Curio.Web.csproj", "{F5446BE3-9A12-4BF7-8297-C0D1384B4BD6}"
EndProject
Project("{9A19103F-16F7-4668-BE54-9A1E7A4F7556}") = "Curio.FunctionalTests", "tests\Curio.FunctionalTests\Curio.FunctionalTests.csproj", "{A90C89DF-13F5-4D3F-B4DD-8A659ABB879B}"
EndProject
Project("{9A19103F-16F7-4668-BE54-9A1E7A4F7556}") = "Curio.IntegrationTests", "tests\Curio.IntegrationTests\Curio.IntegrationTests.csproj", "{3890206F-3055-466E-AB45-DC2AD609B191}"
EndProject
Project("{9A19103F-16F7-4668-BE54-9A1E7A4F7556}") = "Curio.UnitTests", "tests\Curio.UnitTests\Curio.UnitTests.csproj", "{740F7BE3-5A62-4CC3-A937-7B647269DFB5}"
EndProject
Project("{2150E333-8FDC-42A3-9474-1A3956D46DE8}") = "src", "src", "{10DC7156-62E8-436A-9606-C1519A534E70}"
EndProject
Project("{2150E333-8FDC-42A3-9474-1A3956D46DE8}") = "tests", "tests", "{12D93471-B2D9-4B62-A499-62B3307BC9CF}"
EndProject
Project("{9A19103F-16F7-4668-BE54-9A1E7A4F7556}") = "Curio.WebApi", "src\Curio.WebApi\Curio.WebApi.csproj", "{EAB66FA0-3739-47A1-9525-18B5DF977FBB}"
EndProject
Project("{9A19103F-16F7-4668-BE54-9A1E7A4F7556}") = "Curio.Api.Exchanges", "src\Curio.Api.Exchanges\Curio.Api.Exchanges.csproj", "{946C0FB5-A307-44D7-99C2-04FA43BCB4A4}"
EndProject
Global
	GlobalSection(SolutionConfigurationPlatforms) = preSolution
		Debug|Any CPU = Debug|Any CPU
		Release|Any CPU = Release|Any CPU
	EndGlobalSection
	GlobalSection(ProjectConfigurationPlatforms) = postSolution
		{0BB0EF1E-3732-468B-8BBC-DC76540D5A2B}.Debug|Any CPU.ActiveCfg = Debug|Any CPU
		{0BB0EF1E-3732-468B-8BBC-DC76540D5A2B}.Debug|Any CPU.Build.0 = Debug|Any CPU
		{0BB0EF1E-3732-468B-8BBC-DC76540D5A2B}.Release|Any CPU.ActiveCfg = Release|Any CPU
		{0BB0EF1E-3732-468B-8BBC-DC76540D5A2B}.Release|Any CPU.Build.0 = Release|Any CPU
		{9D52054F-A67D-430F-963B-9410ED279AE9}.Debug|Any CPU.ActiveCfg = Debug|Any CPU
		{9D52054F-A67D-430F-963B-9410ED279AE9}.Debug|Any CPU.Build.0 = Debug|Any CPU
		{9D52054F-A67D-430F-963B-9410ED279AE9}.Release|Any CPU.ActiveCfg = Release|Any CPU
		{9D52054F-A67D-430F-963B-9410ED279AE9}.Release|Any CPU.Build.0 = Release|Any CPU
		{4A21F665-941E-4FAD-AC1D-6E48C820F4AD}.Debug|Any CPU.ActiveCfg = Debug|Any CPU
		{4A21F665-941E-4FAD-AC1D-6E48C820F4AD}.Debug|Any CPU.Build.0 = Debug|Any CPU
		{4A21F665-941E-4FAD-AC1D-6E48C820F4AD}.Release|Any CPU.ActiveCfg = Release|Any CPU
		{4A21F665-941E-4FAD-AC1D-6E48C820F4AD}.Release|Any CPU.Build.0 = Release|Any CPU
		{F5446BE3-9A12-4BF7-8297-C0D1384B4BD6}.Debug|Any CPU.ActiveCfg = Debug|Any CPU
		{F5446BE3-9A12-4BF7-8297-C0D1384B4BD6}.Debug|Any CPU.Build.0 = Debug|Any CPU
		{F5446BE3-9A12-4BF7-8297-C0D1384B4BD6}.Release|Any CPU.ActiveCfg = Release|Any CPU
		{F5446BE3-9A12-4BF7-8297-C0D1384B4BD6}.Release|Any CPU.Build.0 = Release|Any CPU
		{A90C89DF-13F5-4D3F-B4DD-8A659ABB879B}.Debug|Any CPU.ActiveCfg = Debug|Any CPU
		{A90C89DF-13F5-4D3F-B4DD-8A659ABB879B}.Debug|Any CPU.Build.0 = Debug|Any CPU
		{A90C89DF-13F5-4D3F-B4DD-8A659ABB879B}.Release|Any CPU.ActiveCfg = Release|Any CPU
		{A90C89DF-13F5-4D3F-B4DD-8A659ABB879B}.Release|Any CPU.Build.0 = Release|Any CPU
		{3890206F-3055-466E-AB45-DC2AD609B191}.Debug|Any CPU.ActiveCfg = Debug|Any CPU
		{3890206F-3055-466E-AB45-DC2AD609B191}.Debug|Any CPU.Build.0 = Debug|Any CPU
		{3890206F-3055-466E-AB45-DC2AD609B191}.Release|Any CPU.ActiveCfg = Release|Any CPU
		{3890206F-3055-466E-AB45-DC2AD609B191}.Release|Any CPU.Build.0 = Release|Any CPU
		{740F7BE3-5A62-4CC3-A937-7B647269DFB5}.Debug|Any CPU.ActiveCfg = Debug|Any CPU
		{740F7BE3-5A62-4CC3-A937-7B647269DFB5}.Debug|Any CPU.Build.0 = Debug|Any CPU
		{740F7BE3-5A62-4CC3-A937-7B647269DFB5}.Release|Any CPU.ActiveCfg = Release|Any CPU
		{740F7BE3-5A62-4CC3-A937-7B647269DFB5}.Release|Any CPU.Build.0 = Release|Any CPU
		{EAB66FA0-3739-47A1-9525-18B5DF977FBB}.Debug|Any CPU.ActiveCfg = Debug|Any CPU
		{EAB66FA0-3739-47A1-9525-18B5DF977FBB}.Debug|Any CPU.Build.0 = Debug|Any CPU
		{EAB66FA0-3739-47A1-9525-18B5DF977FBB}.Release|Any CPU.ActiveCfg = Release|Any CPU
		{EAB66FA0-3739-47A1-9525-18B5DF977FBB}.Release|Any CPU.Build.0 = Release|Any CPU
		{946C0FB5-A307-44D7-99C2-04FA43BCB4A4}.Debug|Any CPU.ActiveCfg = Debug|Any CPU
		{946C0FB5-A307-44D7-99C2-04FA43BCB4A4}.Debug|Any CPU.Build.0 = Debug|Any CPU
		{946C0FB5-A307-44D7-99C2-04FA43BCB4A4}.Release|Any CPU.ActiveCfg = Release|Any CPU
		{946C0FB5-A307-44D7-99C2-04FA43BCB4A4}.Release|Any CPU.Build.0 = Release|Any CPU
	EndGlobalSection
	GlobalSection(SolutionProperties) = preSolution
		HideSolutionNode = FALSE
	EndGlobalSection
	GlobalSection(NestedProjects) = preSolution
		{0BB0EF1E-3732-468B-8BBC-DC76540D5A2B} = {10DC7156-62E8-436A-9606-C1519A534E70}
		{9D52054F-A67D-430F-963B-9410ED279AE9} = {10DC7156-62E8-436A-9606-C1519A534E70}
		{4A21F665-941E-4FAD-AC1D-6E48C820F4AD} = {10DC7156-62E8-436A-9606-C1519A534E70}
		{F5446BE3-9A12-4BF7-8297-C0D1384B4BD6} = {10DC7156-62E8-436A-9606-C1519A534E70}
		{A90C89DF-13F5-4D3F-B4DD-8A659ABB879B} = {12D93471-B2D9-4B62-A499-62B3307BC9CF}
		{3890206F-3055-466E-AB45-DC2AD609B191} = {12D93471-B2D9-4B62-A499-62B3307BC9CF}
		{740F7BE3-5A62-4CC3-A937-7B647269DFB5} = {12D93471-B2D9-4B62-A499-62B3307BC9CF}
		{EAB66FA0-3739-47A1-9525-18B5DF977FBB} = {10DC7156-62E8-436A-9606-C1519A534E70}
		{946C0FB5-A307-44D7-99C2-04FA43BCB4A4} = {10DC7156-62E8-436A-9606-C1519A534E70}
	EndGlobalSection
	GlobalSection(ExtensibilityGlobals) = postSolution
		SolutionGuid = {A42EB472-C9DD-49B3-AC45-00821EF41AE4}
	EndGlobalSection
EndGlobal
